
Microsoft Visual Studio Solution File, Format Version 12.00
# Visual Studio Version 16
VisualStudioVersion = 16.0.32002.261
MinimumVisualStudioVersion = 10.0.40219.1
Project("{FAE04EC0-301F-11D3-BF4B-00C04F79EFBC}") = "color-motodo-abstrato", "color-motodo-abstrato\color-motodo-abstrato.csproj", "{7670FAF9-C9F3-4DA9-8004-41B15AC73EEF}"
EndProject
Global
	GlobalSection(SolutionConfigurationPlatforms) = preSolution
		Debug|Any CPU = Debug|Any CPU
		Release|Any CPU = Release|Any CPU
	EndGlobalSection
	GlobalSection(ProjectConfigurationPlatforms) = postSolution
		{7670FAF9-C9F3-4DA9-8004-41B15AC73EEF}.Debug|Any CPU.ActiveCfg = Debug|Any CPU
		{7670FAF9-C9F3-4DA9-8004-41B15AC73EEF}.Debug|Any CPU.Build.0 = Debug|Any CPU
		{7670FAF9-C9F3-4DA9-8004-41B15AC73EEF}.Release|Any CPU.ActiveCfg = Release|Any CPU
		{7670FAF9-C9F3-4DA9-8004-41B15AC73EEF}.Release|Any CPU.Build.0 = Release|Any CPU
	EndGlobalSection
	GlobalSection(SolutionProperties) = preSolution
		HideSolutionNode = FALSE
	EndGlobalSection
	GlobalSection(ExtensibilityGlobals) = postSolution
		SolutionGuid = {8157E9A3-993F-4B99-8AE5-75F746E91274}
	EndGlobalSection
EndGlobal
